
Microsoft Visual Studio Solution File, Format Version 12.00
# Visual Studio 15
VisualStudioVersion = 15.0.27428.2037
MinimumVisualStudioVersion = 10.0.40219.1
Project("{888888A0-9F3D-457C-B088-3A5042F75D52}") = "ArcGIS_Python_Template", "ArcGIS_Python_Template.pyproj", "{E389274D-07DC-4BE2-89A2-CC865E6805C3}"
EndProject
Global
	GlobalSection(SolutionConfigurationPlatforms) = preSolution
		Debug|Any CPU = Debug|Any CPU
		Release|Any CPU = Release|Any CPU
	EndGlobalSection
	GlobalSection(ProjectConfigurationPlatforms) = postSolution
		{E389274D-07DC-4BE2-89A2-CC865E6805C3}.Debug|Any CPU.ActiveCfg = Debug|Any CPU
		{E389274D-07DC-4BE2-89A2-CC865E6805C3}.Release|Any CPU.ActiveCfg = Release|Any CPU
	EndGlobalSection
	GlobalSection(SolutionProperties) = preSolution
		HideSolutionNode = FALSE
	EndGlobalSection
	GlobalSection(ExtensibilityGlobals) = postSolution
		SolutionGuid = {95E2C059-765B-4738-895D-CE0CFED1579E}
	EndGlobalSection
EndGlobal
